// !$*UTF8*$!
{
	archiveVersion = 1;
	classes = {
	};
	objectVersion = 46;
	objects = {

/* Begin PBXFileReference section */
		D4CFD14D187B0DEB00180467 /* buildWgetInstaller.mk */ = {isa = PBXFileReference; explicitFileType = sourcecode.make; fileEncoding = 4; indentWidth = 4; path = buildWgetInstaller.mk; sourceTree = "<group>"; tabWidth = 4; usesTabs = 1; };
		D4CFD14E187B0DEB00180467 /* configureWgetInstaller.sh */ = {isa = PBXFileReference; fileEncoding = 4; lastKnownFileType = text.script.sh; path = configureWgetInstaller.sh; sourceTree = "<group>"; };
		D4CFD14F187B9E9700180467 /* Source */ = {isa = PBXFileReference; lastKnownFileType = folder; path = Source; sourceTree = "<group>"; };
		D4CFD150187BCABD00180467 /* Scripts */ = {isa = PBXFileReference; lastKnownFileType = folder; path = Scripts; sourceTree = "<group>"; };
		D4CFD151187BD11C00180467 /* buildProject */ = {isa = PBXFileReference; fileEncoding = 4; lastKnownFileType = text.script.sh; path = buildProject; sourceTree = "<group>"; };
		D4CFD152187C5D9800180467 /* Root */ = {isa = PBXFileReference; lastKnownFileType = folder; path = Root; sourceTree = "<group>"; };
		D4CFD153187C628900180467 /* LICENSE */ = {isa = PBXFileReference; fileEncoding = 4; lastKnownFileType = text; path = LICENSE; sourceTree = "<group>"; };
		D4CFD154187C62F300180467 /* README.md */ = {isa = PBXFileReference; fileEncoding = 4; lastKnownFileType = text; path = README.md; sourceTree = "<group>"; };
/* End PBXFileReference section */

/* Begin PBXGroup section */
		D4CFD142187B0C6200180467 = {
			isa = PBXGroup;
			children = (
				D4CFD152187C5D9800180467 /* Root */,
				D4CFD150187BCABD00180467 /* Scripts */,
				D4CFD14F187B9E9700180467 /* Source */,
				D4CFD151187BD11C00180467 /* buildProject */,
				D4CFD14D187B0DEB00180467 /* buildWgetInstaller.mk */,
				D4CFD14E187B0DEB00180467 /* configureWgetInstaller.sh */,
				D4CFD153187C628900180467 /* LICENSE */,
				D4CFD154187C62F300180467 /* README.md */,
			);
			sourceTree = "<group>";
		};
/* End PBXGroup section */

/* Begin PBXLegacyTarget section */
		D4CFD147187B0C6200180467 /* WgetInstaller */ = {
			isa = PBXLegacyTarget;
			buildArgumentsString = "--makefile=buildWgetInstaller.mk $(ACTION)";
			buildConfigurationList = D4CFD14A187B0C6200180467 /* Build configuration list for PBXLegacyTarget "WgetInstaller" */;
			buildPhases = (
			);
			buildToolPath = /usr/bin/make;
			buildWorkingDirectory = "${SRCROOT}";
			dependencies = (
			);
			name = WgetInstaller;
			passBuildSettingsInEnvironment = 1;
			productName = wget;
		};
/* End PBXLegacyTarget section */

/* Begin PBXProject section */
		D4CFD143187B0C6200180467 /* Project object */ = {
			isa = PBXProject;
			attributes = {
				LastUpgradeCheck = 0500;
				ORGANIZATIONNAME = "Able Pear Software";
			};
			buildConfigurationList = D4CFD146187B0C6200180467 /* Build configuration list for PBXProject "WgetInstaller" */;
			compatibilityVersion = "Xcode 3.2";
			developmentRegion = English;
			hasScannedForEncodings = 0;
			knownRegions = (
				en,
			);
			mainGroup = D4CFD142187B0C6200180467;
			projectDirPath = "";
			projectRoot = "";
			targets = (
				D4CFD147187B0C6200180467 /* WgetInstaller */,
			);
		};
/* End PBXProject section */

/* Begin XCBuildConfiguration section */
		D4CFD148187B0C6200180467 /* Debug */ = {
			isa = XCBuildConfiguration;
			buildSettings = {
				ALWAYS_SEARCH_USER_PATHS = NO;
				CLANG_CXX_LANGUAGE_STANDARD = "gnu++0x";
				CLANG_CXX_LIBRARY = "libc++";
				CLANG_ENABLE_OBJC_ARC = YES;
				CLANG_WARN_BOOL_CONVERSION = YES;
				CLANG_WARN_CONSTANT_CONVERSION = YES;
				CLANG_WARN_DIRECT_OBJC_ISA_USAGE = YES_ERROR;
				CLANG_WARN_EMPTY_BODY = YES;
				CLANG_WARN_ENUM_CONVERSION = YES;
				CLANG_WARN_INT_CONVERSION = YES;
				CLANG_WARN_OBJC_ROOT_CLASS = YES_ERROR;
				CLANG_WARN__DUPLICATE_METHOD_MATCH = YES;
				COPY_PHASE_STRIP = NO;
				GCC_C_LANGUAGE_STANDARD = gnu99;
				GCC_DYNAMIC_NO_PIC = NO;
				GCC_ENABLE_OBJC_EXCEPTIONS = YES;
				GCC_OPTIMIZATION_LEVEL = 0;
				GCC_PREPROCESSOR_DEFINITIONS = (
					"DEBUG=1",
					"$(inherited)",
				);
				GCC_SYMBOLS_PRIVATE_EXTERN = NO;
				GCC_WARN_64_TO_32_BIT_CONVERSION = YES;
				GCC_WARN_ABOUT_RETURN_TYPE = YES_ERROR;
				GCC_WARN_UNDECLARED_SELECTOR = YES;
				GCC_WARN_UNINITIALIZED_AUTOS = YES;
				GCC_WARN_UNUSED_FUNCTION = YES;
				GCC_WARN_UNUSED_VARIABLE = YES;
				MACOSX_DEPLOYMENT_TARGET = 10.7;
				ONLY_ACTIVE_ARCH = YES;
				SDKROOT = macosx;
			};
			name = Debug;
		};
		D4CFD149187B0C6200180467 /* Release */ = {
			isa = XCBuildConfiguration;
			buildSettings = {
				ALWAYS_SEARCH_USER_PATHS = NO;
				CLANG_CXX_LANGUAGE_STANDARD = "gnu++0x";
				CLANG_CXX_LIBRARY = "libc++";
				CLANG_ENABLE_OBJC_ARC = YES;
				CLANG_WARN_BOOL_CONVERSION = YES;
				CLANG_WARN_CONSTANT_CONVERSION = YES;
				CLANG_WARN_DIRECT_OBJC_ISA_USAGE = YES_ERROR;
				CLANG_WARN_EMPTY_BODY = YES;
				CLANG_WARN_ENUM_CONVERSION = YES;
				CLANG_WARN_INT_CONVERSION = YES;
				CLANG_WARN_OBJC_ROOT_CLASS = YES_ERROR;
				CLANG_WARN__DUPLICATE_METHOD_MATCH = YES;
				COPY_PHASE_STRIP = YES;
				DEBUG_INFORMATION_FORMAT = "dwarf-with-dsym";
				ENABLE_NS_ASSERTIONS = NO;
				GCC_C_LANGUAGE_STANDARD = gnu99;
				GCC_ENABLE_OBJC_EXCEPTIONS = YES;
				GCC_WARN_64_TO_32_BIT_CONVERSION = YES;
				GCC_WARN_ABOUT_RETURN_TYPE = YES_ERROR;
				GCC_WARN_UNDECLARED_SELECTOR = YES;
				GCC_WARN_UNINITIALIZED_AUTOS = YES;
				GCC_WARN_UNUSED_FUNCTION = YES;
				GCC_WARN_UNUSED_VARIABLE = YES;
				MACOSX_DEPLOYMENT_TARGET = 10.7;
				SDKROOT = macosx;
			};
			name = Release;
		};
		D4CFD14B187B0C6200180467 /* Debug */ = {
			isa = XCBuildConfiguration;
			buildSettings = {
				DEBUGGING_SYMBOLS = YES;
				GCC_GENERATE_DEBUGGING_SYMBOLS = YES;
				GCC_OPTIMIZATION_LEVEL = 0;
				OTHER_CFLAGS = "";
				OTHER_LDFLAGS = "";
				PRODUCT_NAME = "$(TARGET_NAME)";
			};
			name = Debug;
		};
		D4CFD14C187B0C6200180467 /* Release */ = {
			isa = XCBuildConfiguration;
			buildSettings = {
				OTHER_CFLAGS = "";
				OTHER_LDFLAGS = "";
				PRODUCT_NAME = "$(TARGET_NAME)";
			};
			name = Release;
		};
/* End XCBuildConfiguration section */

/* Begin XCConfigurationList section */
		D4CFD146187B0C6200180467 /* Build configuration list for PBXProject "WgetInstaller" */ = {
			isa = XCConfigurationList;
			buildConfigurations = (
				D4CFD148187B0C6200180467 /* Debug */,
				D4CFD149187B0C6200180467 /* Release */,
			);
			defaultConfigurationIsVisible = 0;
			defaultConfigurationName = Release;
		};
		D4CFD14A187B0C6200180467 /* Build configuration list for PBXLegacyTarget "WgetInstaller" */ = {
			isa = XCConfigurationList;
			buildConfigurations = (
				D4CFD14B187B0C6200180467 /* Debug */,
				D4CFD14C187B0C6200180467 /* Release */,
			);
			defaultConfigurationIsVisible = 0;
			defaultConfigurationName = Release;
		};
/* End XCConfigurationList section */
	};
	rootObject = D4CFD143187B0C6200180467 /* Project object */;
}
